# THIS IS AN AUTOGENERATED FILE. DO NOT EDIT THIS FILE DIRECTLY.
# yarn lockfile v1


"@angular/common@5":
  version "5.0.5"
  resolved "https://registry.yarnpkg.com/@angular/common/-/common-5.0.5.tgz#a0530320beefa7b3446c7b5c6b10d7eda42b5998"
  dependencies:
    tslib "^1.7.1"

"@angular/core@5":
  version "5.0.5"
  resolved "https://registry.yarnpkg.com/@angular/core/-/core-5.0.5.tgz#9f032aff4cfacce0e33629338466f93bba4cbec4"
  dependencies:
    tslib "^1.7.1"

"@angular/forms@5":
  version "5.0.5"
  resolved "https://registry.yarnpkg.com/@angular/forms/-/forms-5.0.5.tgz#3e910bfe34618c482bf21a8659fa9a1b2dbc1f3a"
  dependencies:
    tslib "^1.7.1"

"@angular/platform-browser-dynamic@5.0.5":
  version "5.0.5"
  resolved "https://registry.yarnpkg.com/@angular/platform-browser-dynamic/-/platform-browser-dynamic-5.0.5.tgz#d7ac74c5ffd4c9a133ba90af160402266e92351d"
  dependencies:
    tslib "^1.7.1"

"@angular/platform-browser@5.0.5":
  version "5.0.5"
  resolved "https://registry.yarnpkg.com/@angular/platform-browser/-/platform-browser-5.0.5.tgz#71039c85b2bc5e3f4405151ffd1e2096c4f373a1"
  dependencies:
    tslib "^1.7.1"

core-js@2.5.1:
  version "2.5.1"
  resolved "https://registry.yarnpkg.com/core-js/-/core-js-2.5.1.tgz#ae6874dc66937789b80754ff5428df66819ca50b"

rxjs@5.5.3:
  version "5.5.3"
  resolved "https://registry.yarnpkg.com/rxjs/-/rxjs-5.5.3.tgz#b62227e74b84f4e77bdf440e50b5ee01a1bc7dcd"
  dependencies:
    symbol-observable "^1.0.1"

symbol-observable@^1.0.1:
  version "1.1.0"
  resolved "https://registry.yarnpkg.com/symbol-observable/-/symbol-observable-1.1.0.tgz#5c68fd8d54115d9dfb72a84720549222e8db9b32"

tslib@^1.7.1:
  version "1.8.0"
  resolved "https://registry.yarnpkg.com/tslib/-/tslib-1.8.0.tgz#dc604ebad64bcbf696d613da6c954aa0e7ea1eb6"

zone.js@0.8.18:
  version "0.8.18"
  resolved "https://registry.yarnpkg.com/zone.js/-/zone.js-0.8.18.tgz#8cecb3977fcd1b3090562ff4570e2847e752b48d"
