# THIS IS AN AUTOGENERATED FILE. DO NOT EDIT THIS FILE DIRECTLY.
# yarn lockfile v1


"@types/events@*":
  version "1.1.0"
  resolved "https://registry.yarnpkg.com/@types/events/-/events-1.1.0.tgz#93b1be91f63c184450385272c47b6496fd028e02"

"@types/node@*":
  version "8.0.54"
  resolved "https://registry.yarnpkg.com/@types/node/-/node-8.0.54.tgz#3fd9357db4af388b79e03845340259440edffde6"
  dependencies:
    "@types/events" "*"

tslib@1:
  version "1.8.0"
  resolved "https://registry.yarnpkg.com/tslib/-/tslib-1.8.0.tgz#dc604ebad64bcbf696d613da6c954aa0e7ea1eb6"
